
Microsoft Visual Studio Solution File, Format Version 12.00
# Visual Studio Version 17
VisualStudioVersion = 17.6.33723.286
MinimumVisualStudioVersion = 10.0.40219.1
Project("{8BC9CEB8-8B4A-11D0-8D11-00A0C91BC942}") = "DicomDirGenerator", "DicomDirGenerator\DicomDirGenerator.vcxproj", "{665CE337-16B8-42AA-9823-CDA4B6CEA7B0}"
EndProject
Global
	GlobalSection(SolutionConfigurationPlatforms) = preSolution
		Debug|x64 = Debug|x64
		Release|x64 = Release|x64
	EndGlobalSection
	GlobalSection(ProjectConfigurationPlatforms) = postSolution
		{665CE337-16B8-42AA-9823-CDA4B6CEA7B0}.Debug|x64.ActiveCfg = Debug|x64
		{665CE337-16B8-42AA-9823-CDA4B6CEA7B0}.Debug|x64.Build.0 = Debug|x64
		{665CE337-16B8-42AA-9823-CDA4B6CEA7B0}.Release|x64.ActiveCfg = Release|x64
		{665CE337-16B8-42AA-9823-CDA4B6CEA7B0}.Release|x64.Build.0 = Release|x64
	EndGlobalSection
	GlobalSection(SolutionProperties) = preSolution
		HideSolutionNode = FALSE
	EndGlobalSection
	GlobalSection(ExtensibilityGlobals) = postSolution
		SolutionGuid = {386205DD-8819-47EB-83DD-86750D73B94E}
	EndGlobalSection
EndGlobal
